{
  "name": "aniwave-discord-presence",
  "version": "1.0.0",
  "lockfileVersion": 3,
  "requires": true,
  "packages": {
    "": {
      "name": "aniwave-discord-presence",
      "version": "1.0.0",
      "license": "ISC",
      "dependencies": {
        "chrome-extension-async": "^3.4.1"
      },
      "devDependencies": {
        "typescript": "^5.2.2"
      }
    },
    "node_modules/chrome-extension-async": {
      "version": "3.4.1",
      "resolved": "https://registry.npmjs.org/chrome-extension-async/-/chrome-extension-async-3.4.1.tgz",
      "integrity": "sha512-YBkFGFL+8MpkHvZ4nB/NU0uPkJU4LWjSlqxgXOwHcBe5sGs/YT0etEkmQXay3Op6p2c+34zf1k4Osi0ma4HtiQ=="
    },
    "node_modules/typescript": {
      "version": "5.2.2",
      "resolved": "https://registry.npmjs.org/typescript/-/typescript-5.2.2.tgz",
      "integrity": "sha512-mI4WrpHsbCIcwT9cF4FZvr80QUeKvsUsUvKDoR+X/7XHQH98xYD8YHZg7ANtz2GtZt/CBq2QJ0thkGJMHfqc1w==",
      "dev": true,
      "bin": {
        "tsc": "bin/tsc",
        "tsserver": "bin/tsserver"
      },
      "engines": {
        "node": ">=14.17"
      }
    }
  }
}
